
Microsoft Visual Studio Solution File, Format Version 12.00
# Visual Studio Version 16
VisualStudioVersion = 16.0.30225.117
MinimumVisualStudioVersion = 10.0.40219.1
Project("{FAE04EC0-301F-11D3-BF4B-00C04F79EFBC}") = "Gallery", "Gallery\Gallery.csproj", "{1D90A869-90CE-4108-A36E-F02978142CA6}"
EndProject
Project("{FAE04EC0-301F-11D3-BF4B-00C04F79EFBC}") = "ImageUtilities", "ImageUtilities\ImageUtilities.csproj", "{57121CA7-443D-437B-9BE8-C480AC6300A7}"
EndProject
Project("{FAE04EC0-301F-11D3-BF4B-00C04F79EFBC}") = "ImageUtilities.Tests", "ImageUtilities.Tests\ImageUtilities.Tests.csproj", "{64C7CF80-FA08-4CBB-9DC4-B2E54A0BC2A9}"
EndProject
Project("{FAE04EC0-301F-11D3-BF4B-00C04F79EFBC}") = "GalleryClassLibrary", "GalleryClassLibrary\GalleryClassLibrary.csproj", "{9878C819-BFF4-4BD5-B8CA-B45D6CE9135D}"
EndProject
Project("{FAE04EC0-301F-11D3-BF4B-00C04F79EFBC}") = "GalleryClassLibrary.Tests", "GalleryClassLibrary.Tests\GalleryClassLibrary.Tests.csproj", "{67E20B22-E1CA-41F1-B5D3-9DDB4406E9DF}"
EndProject
Global
	GlobalSection(SolutionConfigurationPlatforms) = preSolution
		Debug|Any CPU = Debug|Any CPU
		Release|Any CPU = Release|Any CPU
	EndGlobalSection
	GlobalSection(ProjectConfigurationPlatforms) = postSolution
		{1D90A869-90CE-4108-A36E-F02978142CA6}.Debug|Any CPU.ActiveCfg = Debug|Any CPU
		{1D90A869-90CE-4108-A36E-F02978142CA6}.Debug|Any CPU.Build.0 = Debug|Any CPU
		{1D90A869-90CE-4108-A36E-F02978142CA6}.Release|Any CPU.ActiveCfg = Release|Any CPU
		{1D90A869-90CE-4108-A36E-F02978142CA6}.Release|Any CPU.Build.0 = Release|Any CPU
		{57121CA7-443D-437B-9BE8-C480AC6300A7}.Debug|Any CPU.ActiveCfg = Debug|Any CPU
		{57121CA7-443D-437B-9BE8-C480AC6300A7}.Debug|Any CPU.Build.0 = Debug|Any CPU
		{57121CA7-443D-437B-9BE8-C480AC6300A7}.Release|Any CPU.ActiveCfg = Release|Any CPU
		{57121CA7-443D-437B-9BE8-C480AC6300A7}.Release|Any CPU.Build.0 = Release|Any CPU
		{64C7CF80-FA08-4CBB-9DC4-B2E54A0BC2A9}.Debug|Any CPU.ActiveCfg = Debug|Any CPU
		{64C7CF80-FA08-4CBB-9DC4-B2E54A0BC2A9}.Debug|Any CPU.Build.0 = Debug|Any CPU
		{64C7CF80-FA08-4CBB-9DC4-B2E54A0BC2A9}.Release|Any CPU.ActiveCfg = Release|Any CPU
		{64C7CF80-FA08-4CBB-9DC4-B2E54A0BC2A9}.Release|Any CPU.Build.0 = Release|Any CPU
		{9878C819-BFF4-4BD5-B8CA-B45D6CE9135D}.Debug|Any CPU.ActiveCfg = Debug|Any CPU
		{9878C819-BFF4-4BD5-B8CA-B45D6CE9135D}.Debug|Any CPU.Build.0 = Debug|Any CPU
		{9878C819-BFF4-4BD5-B8CA-B45D6CE9135D}.Release|Any CPU.ActiveCfg = Release|Any CPU
		{9878C819-BFF4-4BD5-B8CA-B45D6CE9135D}.Release|Any CPU.Build.0 = Release|Any CPU
		{67E20B22-E1CA-41F1-B5D3-9DDB4406E9DF}.Debug|Any CPU.ActiveCfg = Debug|Any CPU
		{67E20B22-E1CA-41F1-B5D3-9DDB4406E9DF}.Debug|Any CPU.Build.0 = Debug|Any CPU
		{67E20B22-E1CA-41F1-B5D3-9DDB4406E9DF}.Release|Any CPU.ActiveCfg = Release|Any CPU
		{67E20B22-E1CA-41F1-B5D3-9DDB4406E9DF}.Release|Any CPU.Build.0 = Release|Any CPU
	EndGlobalSection
	GlobalSection(SolutionProperties) = preSolution
		HideSolutionNode = FALSE
	EndGlobalSection
	GlobalSection(ExtensibilityGlobals) = postSolution
		SolutionGuid = {9FF6A32C-7913-4A8D-9525-FC5E2C0D57CB}
	EndGlobalSection
EndGlobal
